
Microsoft Visual Studio Solution File, Format Version 12.00
# Visual Studio Version 17
VisualStudioVersion = 17.3.32819.101
MinimumVisualStudioVersion = 10.0.40219.1
Project("{FAE04EC0-301F-11D3-BF4B-00C04F79EFBC}") = "Catlog.API", "Catlog.API\Catlog.API.csproj", "{78CD2750-B5C0-4A19-9FB6-D824E3013674}"
EndProject
Global
	GlobalSection(SolutionConfigurationPlatforms) = preSolution
		Debug|Any CPU = Debug|Any CPU
		Release|Any CPU = Release|Any CPU
	EndGlobalSection
	GlobalSection(ProjectConfigurationPlatforms) = postSolution
		{78CD2750-B5C0-4A19-9FB6-D824E3013674}.Debug|Any CPU.ActiveCfg = Debug|Any CPU
		{78CD2750-B5C0-4A19-9FB6-D824E3013674}.Debug|Any CPU.Build.0 = Debug|Any CPU
		{78CD2750-B5C0-4A19-9FB6-D824E3013674}.Release|Any CPU.ActiveCfg = Release|Any CPU
		{78CD2750-B5C0-4A19-9FB6-D824E3013674}.Release|Any CPU.Build.0 = Release|Any CPU
	EndGlobalSection
	GlobalSection(SolutionProperties) = preSolution
		HideSolutionNode = FALSE
	EndGlobalSection
	GlobalSection(ExtensibilityGlobals) = postSolution
		SolutionGuid = {A961903C-972F-427D-8412-0736D1AB388F}
	EndGlobalSection
EndGlobal
